<?xml version="1.0" encoding="UTF-8" standalone="yes" ?>
<CodeBlocks_project_file>
	<FileVersion major="1" minor="6" />
	<Project>
		<Option title="MyFirstConsole" />
		<Option pch_mode="2" />
		<Option compiler="gcc" />
		<Build>
			<Target title="Debug">
				<Option output="bin/Debug/MyFirstConsole" prefix_auto="1" extension_auto="1" />
				<Option object_output="obj/Debug/" />
				<Option type="1" />
				<Option compiler="gcc" />
				<Compiler>
					<Add option="-g" />
					<Add option="-std=c++11" />
					<Add directory="events" />
					<Add directory="generic" />
				</Compiler>
			</Target>
			<Target title="Release">
				<Option output="bin/Release/MyFirstConsole" prefix_auto="1" extension_auto="1" />
				<Option object_output="obj/Release/" />
				<Option type="1" />
				<Option compiler="gcc" />
				<Compiler>
					<Add option="-O2" />
					<Add option="-std=c++11" />
					<Add directory="events" />
				</Compiler>
				<Linker>
					<Add option="-s" />
				</Linker>
			</Target>
		</Build>
		<Compiler>
			<Add option="-Wall" />
			<Add option="-fexceptions" />
		</Compiler>
		<Unit filename="events/event" />
		<Unit filename="events/functionhandler" />
		<Unit filename="events/functionhandlercomparer.cpp" />
		<Unit filename="events/functionhandlercomparer.h" />
		<Unit filename="events/handlerbase" />
		<Unit filename="events/handlercomparer.cpp" />
		<Unit filename="events/handlercomparer.h" />
		<Unit filename="events/handlercompareselector.cpp" />
		<Unit filename="events/handlercompareselector.h" />
		<Unit filename="events/handlervisitor" />
		<Unit filename="events/methodcomparer.cpp" />
		<Unit filename="events/methodcomparer.h" />
		<Unit filename="events/methodhandler" />
		<Unit filename="generic/notimpl.h" />
		<Unit filename="main.cpp" />
		<Extensions>
			<code_completion />
			<envvars />
			<debugger />
		</Extensions>
	</Project>
</CodeBlocks_project_file>
